// !$*UTF8*$!
{
	archiveVersion = 1;
	classes = {
	};
	objectVersion = 52;
	objects = {

/* Begin PBXBuildFile section */
		523B7557273D697C00343608 /* setImage.swift in Sources */ = {isa = PBXBuildFile; fileRef = 523B7556273D697C00343608 /* setImage.swift */; };
		523B755B273D69D400343608 /* Nuke in Frameworks */ = {isa = PBXBuildFile; productRef = 523B755A273D69D400343608 /* Nuke */; };
		523B7564273EB31800343608 /* NetworkService.swift in Sources */ = {isa = PBXBuildFile; fileRef = 523B7563273EB31800343608 /* NetworkService.swift */; };
		527E3D9D273527CC00EAFED6 /* detailedViewController.swift in Sources */ = {isa = PBXBuildFile; fileRef = 527E3D9C273527CC00EAFED6 /* detailedViewController.swift */; };
		527E3DAC273AA62E00EAFED6 /* selectedImage.storyboard in Resources */ = {isa = PBXBuildFile; fileRef = 527E3DAB273AA62E00EAFED6 /* selectedImage.storyboard */; };
		52D63C8E272718B500F18B5E /* ImageCell.swift in Sources */ = {isa = PBXBuildFile; fileRef = 52D63C8C272718B500F18B5E /* ImageCell.swift */; };
		52D63C8F272718B500F18B5E /* ImageCell.xib in Resources */ = {isa = PBXBuildFile; fileRef = 52D63C8D272718B500F18B5E /* ImageCell.xib */; };
		52E11F362714765D003F01FE /* AppDelegate.swift in Sources */ = {isa = PBXBuildFile; fileRef = 52E11F352714765D003F01FE /* AppDelegate.swift */; };
		52E11F382714765D003F01FE /* SceneDelegate.swift in Sources */ = {isa = PBXBuildFile; fileRef = 52E11F372714765D003F01FE /* SceneDelegate.swift */; };
		52E11F3D2714765D003F01FE /* Main.storyboard in Resources */ = {isa = PBXBuildFile; fileRef = 52E11F3B2714765D003F01FE /* Main.storyboard */; };
		52E11F402714765D003F01FE /* pixabay.xcdatamodeld in Sources */ = {isa = PBXBuildFile; fileRef = 52E11F3E2714765D003F01FE /* pixabay.xcdatamodeld */; };
		52E11F4227147665003F01FE /* Assets.xcassets in Resources */ = {isa = PBXBuildFile; fileRef = 52E11F4127147665003F01FE /* Assets.xcassets */; };
		52E11F4527147665003F01FE /* LaunchScreen.storyboard in Resources */ = {isa = PBXBuildFile; fileRef = 52E11F4327147665003F01FE /* LaunchScreen.storyboard */; };
		52E11F4F271477F3003F01FE /* ImageTableViewController.swift in Sources */ = {isa = PBXBuildFile; fileRef = 52E11F4E271477F3003F01FE /* ImageTableViewController.swift */; };
		52E11F52271486EA003F01FE /* API.swift in Sources */ = {isa = PBXBuildFile; fileRef = 52E11F51271486EA003F01FE /* API.swift */; };
/* End PBXBuildFile section */

/* Begin PBXFileReference section */
		523B7556273D697C00343608 /* setImage.swift */ = {isa = PBXFileReference; lastKnownFileType = sourcecode.swift; path = setImage.swift; sourceTree = "<group>"; };
		523B7563273EB31800343608 /* NetworkService.swift */ = {isa = PBXFileReference; lastKnownFileType = sourcecode.swift; path = NetworkService.swift; sourceTree = "<group>"; };
		527E3D9C273527CC00EAFED6 /* detailedViewController.swift */ = {isa = PBXFileReference; lastKnownFileType = sourcecode.swift; path = detailedViewController.swift; sourceTree = "<group>"; };
		527E3DAB273AA62E00EAFED6 /* selectedImage.storyboard */ = {isa = PBXFileReference; lastKnownFileType = file.storyboard; path = selectedImage.storyboard; sourceTree = "<group>"; };
		52D63C8C272718B500F18B5E /* ImageCell.swift */ = {isa = PBXFileReference; lastKnownFileType = sourcecode.swift; path = ImageCell.swift; sourceTree = "<group>"; };
		52D63C8D272718B500F18B5E /* ImageCell.xib */ = {isa = PBXFileReference; lastKnownFileType = file.xib; path = ImageCell.xib; sourceTree = "<group>"; };
		52E11F322714765D003F01FE /* pixabay.app */ = {isa = PBXFileReference; explicitFileType = wrapper.application; includeInIndex = 0; path = pixabay.app; sourceTree = BUILT_PRODUCTS_DIR; };
		52E11F352714765D003F01FE /* AppDelegate.swift */ = {isa = PBXFileReference; lastKnownFileType = sourcecode.swift; path = AppDelegate.swift; sourceTree = "<group>"; };
		52E11F372714765D003F01FE /* SceneDelegate.swift */ = {isa = PBXFileReference; lastKnownFileType = sourcecode.swift; path = SceneDelegate.swift; sourceTree = "<group>"; };
		52E11F3C2714765D003F01FE /* Base */ = {isa = PBXFileReference; lastKnownFileType = file.storyboard; name = Base; path = Base.lproj/Main.storyboard; sourceTree = "<group>"; };
		52E11F3F2714765D003F01FE /* pixabay.xcdatamodel */ = {isa = PBXFileReference; lastKnownFileType = wrapper.xcdatamodel; path = pixabay.xcdatamodel; sourceTree = "<group>"; };
		52E11F4127147665003F01FE /* Assets.xcassets */ = {isa = PBXFileReference; lastKnownFileType = folder.assetcatalog; path = Assets.xcassets; sourceTree = "<group>"; };
		52E11F4427147665003F01FE /* Base */ = {isa = PBXFileReference; lastKnownFileType = file.storyboard; name = Base; path = Base.lproj/LaunchScreen.storyboard; sourceTree = "<group>"; };
		52E11F4627147665003F01FE /* Info.plist */ = {isa = PBXFileReference; lastKnownFileType = text.plist.xml; path = Info.plist; sourceTree = "<group>"; };
		52E11F4E271477F3003F01FE /* ImageTableViewController.swift */ = {isa = PBXFileReference; lastKnownFileType = sourcecode.swift; path = ImageTableViewController.swift; sourceTree = "<group>"; };
		52E11F51271486EA003F01FE /* API.swift */ = {isa = PBXFileReference; lastKnownFileType = sourcecode.swift; path = API.swift; sourceTree = "<group>"; };
/* End PBXFileReference section */

/* Begin PBXFrameworksBuildPhase section */
		52E11F2F2714765D003F01FE /* Frameworks */ = {
			isa = PBXFrameworksBuildPhase;
			buildActionMask = 2147483647;
			files = (
				523B755B273D69D400343608 /* Nuke in Frameworks */,
			);
			runOnlyForDeploymentPostprocessing = 0;
		};
/* End PBXFrameworksBuildPhase section */

/* Begin PBXGroup section */
		527E3DAA273AA61300EAFED6 /* Storyboards */ = {
			isa = PBXGroup;
			children = (
				52E11F3B2714765D003F01FE /* Main.storyboard */,
				527E3DAB273AA62E00EAFED6 /* selectedImage.storyboard */,
			);
			path = Storyboards;
			sourceTree = "<group>";
		};
		52E11F292714765D003F01FE = {
			isa = PBXGroup;
			children = (
				52E11F342714765D003F01FE /* pixabay */,
				52E11F332714765D003F01FE /* Products */,
			);
			sourceTree = "<group>";
		};
		52E11F332714765D003F01FE /* Products */ = {
			isa = PBXGroup;
			children = (
				52E11F322714765D003F01FE /* pixabay.app */,
			);
			name = Products;
			sourceTree = "<group>";
		};
		52E11F342714765D003F01FE /* pixabay */ = {
			isa = PBXGroup;
			children = (
				52E11F352714765D003F01FE /* AppDelegate.swift */,
				52E11F372714765D003F01FE /* SceneDelegate.swift */,
				527E3DAA273AA61300EAFED6 /* Storyboards */,
				52E11F4E271477F3003F01FE /* ImageTableViewController.swift */,
				527E3D9C273527CC00EAFED6 /* detailedViewController.swift */,
				523B7563273EB31800343608 /* NetworkService.swift */,
				523B7556273D697C00343608 /* setImage.swift */,
				52D63C8C272718B500F18B5E /* ImageCell.swift */,
				52D63C8D272718B500F18B5E /* ImageCell.xib */,
				52E11F51271486EA003F01FE /* API.swift */,
				52E11F4127147665003F01FE /* Assets.xcassets */,
				52E11F4327147665003F01FE /* LaunchScreen.storyboard */,
				52E11F4627147665003F01FE /* Info.plist */,
				52E11F3E2714765D003F01FE /* pixabay.xcdatamodeld */,
			);
			path = pixabay;
			sourceTree = "<group>";
		};
/* End PBXGroup section */

/* Begin PBXNativeTarget section */
		52E11F312714765D003F01FE /* pixabay */ = {
			isa = PBXNativeTarget;
			buildConfigurationList = 52E11F4927147665003F01FE /* Build configuration list for PBXNativeTarget "pixabay" */;
			buildPhases = (
				52E11F2E2714765D003F01FE /* Sources */,
				52E11F2F2714765D003F01FE /* Frameworks */,
				52E11F302714765D003F01FE /* Resources */,
			);
			buildRules = (
			);
			dependencies = (
			);
			name = pixabay;
			packageProductDependencies = (
				523B755A273D69D400343608 /* Nuke */,
			);
			productName = pixabay;
			productReference = 52E11F322714765D003F01FE /* pixabay.app */;
			productType = "com.apple.product-type.application";
		};
/* End PBXNativeTarget section */

/* Begin PBXProject section */
		52E11F2A2714765D003F01FE /* Project object */ = {
			isa = PBXProject;
			attributes = {
				LastSwiftUpdateCheck = 1240;
				LastUpgradeCheck = 1240;
				TargetAttributes = {
					52E11F312714765D003F01FE = {
						CreatedOnToolsVersion = 12.4;
					};
				};
			};
			buildConfigurationList = 52E11F2D2714765D003F01FE /* Build configuration list for PBXProject "pixabay" */;
			compatibilityVersion = "Xcode 9.3";
			developmentRegion = en;
			hasScannedForEncodings = 0;
			knownRegions = (
				en,
				Base,
			);
			mainGroup = 52E11F292714765D003F01FE;
			packageReferences = (
				523B7559273D69D400343608 /* XCRemoteSwiftPackageReference "Nuke" */,
			);
			productRefGroup = 52E11F332714765D003F01FE /* Products */;
			projectDirPath = "";
			projectRoot = "";
			targets = (
				52E11F312714765D003F01FE /* pixabay */,
			);
		};
/* End PBXProject section */

/* Begin PBXResourcesBuildPhase section */
		52E11F302714765D003F01FE /* Resources */ = {
			isa = PBXResourcesBuildPhase;
			buildActionMask = 2147483647;
			files = (
				527E3DAC273AA62E00EAFED6 /* selectedImage.storyboard in Resources */,
				52E11F4527147665003F01FE /* LaunchScreen.storyboard in Resources */,
				52D63C8F272718B500F18B5E /* ImageCell.xib in Resources */,
				52E11F4227147665003F01FE /* Assets.xcassets in Resources */,
				52E11F3D2714765D003F01FE /* Main.storyboard in Resources */,
			);
			runOnlyForDeploymentPostprocessing = 0;
		};
/* End PBXResourcesBuildPhase section */

/* Begin PBXSourcesBuildPhase section */
		52E11F2E2714765D003F01FE /* Sources */ = {
			isa = PBXSourcesBuildPhase;
			buildActionMask = 2147483647;
			files = (
				52E11F362714765D003F01FE /* AppDelegate.swift in Sources */,
				52E11F402714765D003F01FE /* pixabay.xcdatamodeld in Sources */,
				52E11F382714765D003F01FE /* SceneDelegate.swift in Sources */,
				52E11F4F271477F3003F01FE /* ImageTableViewController.swift in Sources */,
				523B7564273EB31800343608 /* NetworkService.swift in Sources */,
				52E11F52271486EA003F01FE /* API.swift in Sources */,
				52D63C8E272718B500F18B5E /* ImageCell.swift in Sources */,
				523B7557273D697C00343608 /* setImage.swift in Sources */,
				527E3D9D273527CC00EAFED6 /* detailedViewController.swift in Sources */,
			);
			runOnlyForDeploymentPostprocessing = 0;
		};
/* End PBXSourcesBuildPhase section */

/* Begin PBXVariantGroup section */
		52E11F3B2714765D003F01FE /* Main.storyboard */ = {
			isa = PBXVariantGroup;
			children = (
				52E11F3C2714765D003F01FE /* Base */,
			);
			name = Main.storyboard;
			sourceTree = "<group>";
		};
		52E11F4327147665003F01FE /* LaunchScreen.storyboard */ = {
			isa = PBXVariantGroup;
			children = (
				52E11F4427147665003F01FE /* Base */,
			);
			name = LaunchScreen.storyboard;
			sourceTree = "<group>";
		};
/* End PBXVariantGroup section */

/* Begin XCBuildConfiguration section */
		52E11F4727147665003F01FE /* Debug */ = {
			isa = XCBuildConfiguration;
			buildSettings = {
				ALWAYS_SEARCH_USER_PATHS = NO;
				CLANG_ANALYZER_NONNULL = YES;
				CLANG_ANALYZER_NUMBER_OBJECT_CONVERSION = YES_AGGRESSIVE;
				CLANG_CXX_LANGUAGE_STANDARD = "gnu++14";
				CLANG_CXX_LIBRARY = "libc++";
				CLANG_ENABLE_MODULES = YES;
				CLANG_ENABLE_OBJC_ARC = YES;
				CLANG_ENABLE_OBJC_WEAK = YES;
				CLANG_WARN_BLOCK_CAPTURE_AUTORELEASING = YES;
				CLANG_WARN_BOOL_CONVERSION = YES;
				CLANG_WARN_COMMA = YES;
				CLANG_WARN_CONSTANT_CONVERSION = YES;
				CLANG_WARN_DEPRECATED_OBJC_IMPLEMENTATIONS = YES;
				CLANG_WARN_DIRECT_OBJC_ISA_USAGE = YES_ERROR;
				CLANG_WARN_DOCUMENTATION_COMMENTS = YES;
				CLANG_WARN_EMPTY_BODY = YES;
				CLANG_WARN_ENUM_CONVERSION = YES;
				CLANG_WARN_INFINITE_RECURSION = YES;
				CLANG_WARN_INT_CONVERSION = YES;
				CLANG_WARN_NON_LITERAL_NULL_CONVERSION = YES;
				CLANG_WARN_OBJC_IMPLICIT_RETAIN_SELF = YES;
				CLANG_WARN_OBJC_LITERAL_CONVERSION = YES;
				CLANG_WARN_OBJC_ROOT_CLASS = YES_ERROR;
				CLANG_WARN_QUOTED_INCLUDE_IN_FRAMEWORK_HEADER = YES;
				CLANG_WARN_RANGE_LOOP_ANALYSIS = YES;
				CLANG_WARN_STRICT_PROTOTYPES = YES;
				CLANG_WARN_SUSPICIOUS_MOVE = YES;
				CLANG_WARN_UNGUARDED_AVAILABILITY = YES_AGGRESSIVE;
				CLANG_WARN_UNREACHABLE_CODE = YES;
				CLANG_WARN__DUPLICATE_METHOD_MATCH = YES;
				COPY_PHASE_STRIP = NO;
				DEBUG_INFORMATION_FORMAT = dwarf;
				ENABLE_STRICT_OBJC_MSGSEND = YES;
				ENABLE_TESTABILITY = YES;
				GCC_C_LANGUAGE_STANDARD = gnu11;
				GCC_DYNAMIC_NO_PIC = NO;
				GCC_NO_COMMON_BLOCKS = YES;
				GCC_OPTIMIZATION_LEVEL = 0;
				GCC_PREPROCESSOR_DEFINITIONS = (
					"DEBUG=1",
					"$(inherited)",
				);
				GCC_WARN_64_TO_32_BIT_CONVERSION = YES;
				GCC_WARN_ABOUT_RETURN_TYPE = YES_ERROR;
				GCC_WARN_UNDECLARED_SELECTOR = YES;
				GCC_WARN_UNINITIALIZED_AUTOS = YES_AGGRESSIVE;
				GCC_WARN_UNUSED_FUNCTION = YES;
				GCC_WARN_UNUSED_VARIABLE = YES;
				IPHONEOS_DEPLOYMENT_TARGET = 14.4;
				MTL_ENABLE_DEBUG_INFO = INCLUDE_SOURCE;
				MTL_FAST_MATH = YES;
				ONLY_ACTIVE_ARCH = YES;
				SDKROOT = iphoneos;
				SWIFT_ACTIVE_COMPILATION_CONDITIONS = DEBUG;
				SWIFT_OPTIMIZATION_LEVEL = "-Onone";
			};
			name = Debug;
		};
		52E11F4827147665003F01FE /* Release */ = {
			isa = XCBuildConfiguration;
			buildSettings = {
				ALWAYS_SEARCH_USER_PATHS = NO;
				CLANG_ANALYZER_NONNULL = YES;
				CLANG_ANALYZER_NUMBER_OBJECT_CONVERSION = YES_AGGRESSIVE;
				CLANG_CXX_LANGUAGE_STANDARD = "gnu++14";
				CLANG_CXX_LIBRARY = "libc++";
				CLANG_ENABLE_MODULES = YES;
				CLANG_ENABLE_OBJC_ARC = YES;
				CLANG_ENABLE_OBJC_WEAK = YES;
				CLANG_WARN_BLOCK_CAPTURE_AUTORELEASING = YES;
				CLANG_WARN_BOOL_CONVERSION = YES;
				CLANG_WARN_COMMA = YES;
				CLANG_WARN_CONSTANT_CONVERSION = YES;
				CLANG_WARN_DEPRECATED_OBJC_IMPLEMENTATIONS = YES;
				CLANG_WARN_DIRECT_OBJC_ISA_USAGE = YES_ERROR;
				CLANG_WARN_DOCUMENTATION_COMMENTS = YES;
				CLANG_WARN_EMPTY_BODY = YES;
				CLANG_WARN_ENUM_CONVERSION = YES;
				CLANG_WARN_INFINITE_RECURSION = YES;
				CLANG_WARN_INT_CONVERSION = YES;
				CLANG_WARN_NON_LITERAL_NULL_CONVERSION = YES;
				CLANG_WARN_OBJC_IMPLICIT_RETAIN_SELF = YES;
				CLANG_WARN_OBJC_LITERAL_CONVERSION = YES;
				CLANG_WARN_OBJC_ROOT_CLASS = YES_ERROR;
				CLANG_WARN_QUOTED_INCLUDE_IN_FRAMEWORK_HEADER = YES;
				CLANG_WARN_RANGE_LOOP_ANALYSIS = YES;
				CLANG_WARN_STRICT_PROTOTYPES = YES;
				CLANG_WARN_SUSPICIOUS_MOVE = YES;
				CLANG_WARN_UNGUARDED_AVAILABILITY = YES_AGGRESSIVE;
				CLANG_WARN_UNREACHABLE_CODE = YES;
				CLANG_WARN__DUPLICATE_METHOD_MATCH = YES;
				COPY_PHASE_STRIP = NO;
				DEBUG_INFORMATION_FORMAT = "dwarf-with-dsym";
				ENABLE_NS_ASSERTIONS = NO;
				ENABLE_STRICT_OBJC_MSGSEND = YES;
				GCC_C_LANGUAGE_STANDARD = gnu11;
				GCC_NO_COMMON_BLOCKS = YES;
				GCC_WARN_64_TO_32_BIT_CONVERSION = YES;
				GCC_WARN_ABOUT_RETURN_TYPE = YES_ERROR;
				GCC_WARN_UNDECLARED_SELECTOR = YES;
				GCC_WARN_UNINITIALIZED_AUTOS = YES_AGGRESSIVE;
				GCC_WARN_UNUSED_FUNCTION = YES;
				GCC_WARN_UNUSED_VARIABLE = YES;
				IPHONEOS_DEPLOYMENT_TARGET = 14.4;
				MTL_ENABLE_DEBUG_INFO = NO;
				MTL_FAST_MATH = YES;
				SDKROOT = iphoneos;
				SWIFT_COMPILATION_MODE = wholemodule;
				SWIFT_OPTIMIZATION_LEVEL = "-O";
				VALIDATE_PRODUCT = YES;
			};
			name = Release;
		};
		52E11F4A27147665003F01FE /* Debug */ = {
			isa = XCBuildConfiguration;
			buildSettings = {
				ASSETCATALOG_COMPILER_APPICON_NAME = AppIcon;
				ASSETCATALOG_COMPILER_GLOBAL_ACCENT_COLOR_NAME = AccentColor;
				CODE_SIGN_STYLE = Automatic;
				DEVELOPMENT_TEAM = D9GF65L879;
				INFOPLIST_FILE = pixabay/Info.plist;
				LD_RUNPATH_SEARCH_PATHS = (
					"$(inherited)",
					"@executable_path/Frameworks",
				);
				PRODUCT_BUNDLE_IDENTIFIER = com.houcem.pixabay;
				PRODUCT_NAME = "$(TARGET_NAME)";
				SWIFT_VERSION = 5.0;
				TARGETED_DEVICE_FAMILY = "1,2";
			};
			name = Debug;
		};
		52E11F4B27147665003F01FE /* Release */ = {
			isa = XCBuildConfiguration;
			buildSettings = {
				ASSETCATALOG_COMPILER_APPICON_NAME = AppIcon;
				ASSETCATALOG_COMPILER_GLOBAL_ACCENT_COLOR_NAME = AccentColor;
				CODE_SIGN_STYLE = Automatic;
				DEVELOPMENT_TEAM = D9GF65L879;
				INFOPLIST_FILE = pixabay/Info.plist;
				LD_RUNPATH_SEARCH_PATHS = (
					"$(inherited)",
					"@executable_path/Frameworks",
				);
				PRODUCT_BUNDLE_IDENTIFIER = com.houcem.pixabay;
				PRODUCT_NAME = "$(TARGET_NAME)";
				SWIFT_VERSION = 5.0;
				TARGETED_DEVICE_FAMILY = "1,2";
			};
			name = Release;
		};
/* End XCBuildConfiguration section */

/* Begin XCConfigurationList section */
		52E11F2D2714765D003F01FE /* Build configuration list for PBXProject "pixabay" */ = {
			isa = XCConfigurationList;
			buildConfigurations = (
				52E11F4727147665003F01FE /* Debug */,
				52E11F4827147665003F01FE /* Release */,
			);
			defaultConfigurationIsVisible = 0;
			defaultConfigurationName = Release;
		};
		52E11F4927147665003F01FE /* Build configuration list for PBXNativeTarget "pixabay" */ = {
			isa = XCConfigurationList;
			buildConfigurations = (
				52E11F4A27147665003F01FE /* Debug */,
				52E11F4B27147665003F01FE /* Release */,
			);
			defaultConfigurationIsVisible = 0;
			defaultConfigurationName = Release;
		};
/* End XCConfigurationList section */

/* Begin XCRemoteSwiftPackageReference section */
		523B7559273D69D400343608 /* XCRemoteSwiftPackageReference "Nuke" */ = {
			isa = XCRemoteSwiftPackageReference;
			repositoryURL = "https://github.com/kean/Nuke";
			requirement = {
				kind = upToNextMajorVersion;
				minimumVersion = 10.5.1;
			};
		};
/* End XCRemoteSwiftPackageReference section */

/* Begin XCSwiftPackageProductDependency section */
		523B755A273D69D400343608 /* Nuke */ = {
			isa = XCSwiftPackageProductDependency;
			package = 523B7559273D69D400343608 /* XCRemoteSwiftPackageReference "Nuke" */;
			productName = Nuke;
		};
/* End XCSwiftPackageProductDependency section */

/* Begin XCVersionGroup section */
		52E11F3E2714765D003F01FE /* pixabay.xcdatamodeld */ = {
			isa = XCVersionGroup;
			children = (
				52E11F3F2714765D003F01FE /* pixabay.xcdatamodel */,
			);
			currentVersion = 52E11F3F2714765D003F01FE /* pixabay.xcdatamodel */;
			path = pixabay.xcdatamodeld;
			sourceTree = "<group>";
			versionGroupType = wrapper.xcdatamodel;
		};
/* End XCVersionGroup section */
	};
	rootObject = 52E11F2A2714765D003F01FE /* Project object */;
}
